# THIS IS AN AUTOGENERATED FILE. DO NOT EDIT THIS FILE DIRECTLY.
# yarn lockfile v1


"@types/chai@^4.1.7":
  version "4.1.7"
  resolved "http://bnpm.byted.org/@types/chai/download/@types/chai-4.1.7.tgz#1b8e33b61a8c09cbe1f85133071baa0dbf9fa71a"
  integrity sha1-G44zthqMCcvh+FEzBxuqDb+fpxo=

"@types/node@^11.9.5":
  version "11.9.5"
  resolved "http://bnpm.byted.org/@types/node/download/@types/node-11.9.5.tgz#011eece9d3f839a806b63973e228f85967b79ed3"
  integrity sha1-AR7s6dP4OagGtjlz4ij4WWe3ntM=

arg@^4.1.0:
  version "4.1.0"
  resolved "http://bnpm.byted.org/arg/download/arg-4.1.0.tgz#583c518199419e0037abb74062c37f8519e575f0"
  integrity sha1-WDxRgZlBngA3q7dAYsN/hRnldfA=

assertion-error@^1.1.0:
  version "1.1.0"
  resolved "http://bnpm.byted.org/assertion-error/download/assertion-error-1.1.0.tgz#e60b6b0e8f301bd97e5375215bda406c85118c0b"
  integrity sha1-5gtrDo8wG9l+U3UhW9pAbIURjAs=

buffer-from@^1.0.0:
  version "1.1.1"
  resolved "http://bnpm.byted.org/buffer-from/download/buffer-from-1.1.1.tgz#32713bc028f75c02fdb710d7c7bcec1f2c6070ef"
  integrity sha1-MnE7wCj3XAL9txDXx7zsHyxgcO8=

chai@^4.2.0:
  version "4.2.0"
  resolved "http://bnpm.byted.org/chai/download/chai-4.2.0.tgz#760aa72cf20e3795e84b12877ce0e83737aa29e5"
  integrity sha1-dgqnLPION5XoSxKHfODoNzeqKeU=
  dependencies:
    assertion-error "^1.1.0"
    check-error "^1.0.2"
    deep-eql "^3.0.1"
    get-func-name "^2.0.0"
    pathval "^1.1.0"
    type-detect "^4.0.5"

check-error@^1.0.2:
  version "1.0.2"
  resolved "http://bnpm.byted.org/check-error/download/check-error-1.0.2.tgz#574d312edd88bb5dd8912e9286dd6c0aed4aac82"
  integrity sha1-V00xLt2Iu13YkS6Sht1sCu1KrII=

deep-eql@^3.0.1:
  version "3.0.1"
  resolved "http://bnpm.byted.org/deep-eql/download/deep-eql-3.0.1.tgz#dfc9404400ad1c8fe023e7da1df1c147c4b444df"
  integrity sha1-38lARACtHI/gI+faHfHBR8S0RN8=
  dependencies:
    type-detect "^4.0.0"

diff@^3.1.0:
  version "3.5.0"
  resolved "http://bnpm.byted.org/diff/download/diff-3.5.0.tgz#800c0dd1e0a8bfbc95835c202ad220fe317e5a12"
  integrity sha1-gAwN0eCov7yVg1wgKtIg/jF+WhI=

get-func-name@^2.0.0:
  version "2.0.0"
  resolved "http://bnpm.byted.org/get-func-name/download/get-func-name-2.0.0.tgz#ead774abee72e20409433a066366023dd6887a41"
  integrity sha1-6td0q+5y4gQJQzoGY2YCPdaIekE=

make-error@^1.1.1:
  version "1.3.5"
  resolved "http://bnpm.byted.org/make-error/download/make-error-1.3.5.tgz#efe4e81f6db28cadd605c70f29c831b58ef776c8"
  integrity sha1-7+ToH22yjK3WBccPKcgxtY73dsg=

pathval@^1.1.0:
  version "1.1.0"
  resolved "http://bnpm.byted.org/pathval/download/pathval-1.1.0.tgz#b942e6d4bde653005ef6b71361def8727d0645e0"
  integrity sha1-uULm1L3mUwBe9rcTYd74cn0GReA=

source-map-support@^0.5.6:
  version "0.5.10"
  resolved "http://bnpm.byted.org/source-map-support/download/source-map-support-0.5.10.tgz#2214080bc9d51832511ee2bab96e3c2f9353120c"
  integrity sha1-IhQIC8nVGDJRHuK6uW48L5NTEgw=
  dependencies:
    buffer-from "^1.0.0"
    source-map "^0.6.0"

source-map@^0.6.0:
  version "0.6.1"
  resolved "http://bnpm.byted.org/source-map/download/source-map-0.6.1.tgz#74722af32e9614e9c287a8d0bbde48b5e2f1a263"
  integrity sha1-dHIq8y6WFOnCh6jQu95IteLxomM=

ts-node@^8.0.2:
  version "8.0.2"
  resolved "http://bnpm.byted.org/ts-node/download/ts-node-8.0.2.tgz#9ecdf8d782a0ca4c80d1d641cbb236af4ac1b756"
  integrity sha1-ns3414KgykyA0dZBy7I2r0rBt1Y=
  dependencies:
    arg "^4.1.0"
    diff "^3.1.0"
    make-error "^1.1.1"
    source-map-support "^0.5.6"
    yn "^3.0.0"

type-detect@^4.0.0, type-detect@^4.0.5:
  version "4.0.8"
  resolved "http://bnpm.byted.org/type-detect/download/type-detect-4.0.8.tgz#7646fb5f18871cfbb7749e69bd39a6388eb7450c"
  integrity sha1-dkb7XxiHHPu3dJ5pvTmmOI63RQw=

yn@^3.0.0:
  version "3.0.0"
  resolved "http://bnpm.byted.org/yn/download/yn-3.0.0.tgz#0073c6b56e92aed652fbdfd62431f2d6b9a7a091"
  integrity sha1-AHPGtW6SrtZS+9/WJDHy1rmnoJE=
